// !$*UTF8*$!
{
	archiveVersion = 1;
	classes = {
	};
	objectVersion = 77;
	objects = {

/* Begin PBXBuildFile section */
		3438B9052CFCE10D00AED7F3 /* Day01.swift in Sources */ = {isa = PBXBuildFile; fileRef = 348C1DE82CFCCFE000DF5635 /* Day01.swift */; };
		3438B9062CFCE10D00AED7F3 /* InputReader.swift in Sources */ = {isa = PBXBuildFile; fileRef = 348C1DE92CFCCFE000DF5635 /* InputReader.swift */; };
		3438B9072CFCE10D00AED7F3 /* Day01Test.swift in Sources */ = {isa = PBXBuildFile; fileRef = 348C1DF12CFCD19900DF5635 /* Day01Test.swift */; };
		3438B90C2CFDC11200AED7F3 /* Day02.swift in Sources */ = {isa = PBXBuildFile; fileRef = 3438B90A2CFDC11200AED7F3 /* Day02.swift */; };
		3438B90D2CFDC11200AED7F3 /* Day02Test.swift in Sources */ = {isa = PBXBuildFile; fileRef = 3438B90B2CFDC11200AED7F3 /* Day02Test.swift */; };
		34AD27322CFE68CE004FA0C8 /* Day03.swift in Sources */ = {isa = PBXBuildFile; fileRef = 34AD27302CFE68CE004FA0C8 /* Day03.swift */; };
		34AD27332CFE68CE004FA0C8 /* Day03Test.swift in Sources */ = {isa = PBXBuildFile; fileRef = 34AD27312CFE68CE004FA0C8 /* Day03Test.swift */; };
		34AD27352CFF10D6004FA0C8 /* Tags.swift in Sources */ = {isa = PBXBuildFile; fileRef = 34AD27342CFF10D1004FA0C8 /* Tags.swift */; };
/* End PBXBuildFile section */

/* Begin PBXFileReference section */
		3438B8F52CFCDA0100AED7F3 /* RunAndTest.xctest */ = {isa = PBXFileReference; explicitFileType = wrapper.cfbundle; includeInIndex = 0; path = RunAndTest.xctest; sourceTree = BUILT_PRODUCTS_DIR; };
		3438B90A2CFDC11200AED7F3 /* Day02.swift */ = {isa = PBXFileReference; lastKnownFileType = sourcecode.swift; path = Day02.swift; sourceTree = "<group>"; };
		3438B90B2CFDC11200AED7F3 /* Day02Test.swift */ = {isa = PBXFileReference; lastKnownFileType = sourcecode.swift; path = Day02Test.swift; sourceTree = "<group>"; };
		348C1DE82CFCCFE000DF5635 /* Day01.swift */ = {isa = PBXFileReference; lastKnownFileType = sourcecode.swift; path = Day01.swift; sourceTree = "<group>"; };
		348C1DE92CFCCFE000DF5635 /* InputReader.swift */ = {isa = PBXFileReference; lastKnownFileType = sourcecode.swift; path = InputReader.swift; sourceTree = "<group>"; };
		348C1DEA2CFCCFE000DF5635 /* LICENSE */ = {isa = PBXFileReference; lastKnownFileType = text; path = LICENSE; sourceTree = "<group>"; };
		348C1DEB2CFCCFE000DF5635 /* README.md */ = {isa = PBXFileReference; lastKnownFileType = net.daringfireball.markdown; path = README.md; sourceTree = "<group>"; };
		348C1DF12CFCD19900DF5635 /* Day01Test.swift */ = {isa = PBXFileReference; lastKnownFileType = sourcecode.swift; path = Day01Test.swift; sourceTree = "<group>"; };
		34AD27302CFE68CE004FA0C8 /* Day03.swift */ = {isa = PBXFileReference; lastKnownFileType = sourcecode.swift; path = Day03.swift; sourceTree = "<group>"; };
		34AD27312CFE68CE004FA0C8 /* Day03Test.swift */ = {isa = PBXFileReference; lastKnownFileType = sourcecode.swift; path = Day03Test.swift; sourceTree = "<group>"; };
		34AD27342CFF10D1004FA0C8 /* Tags.swift */ = {isa = PBXFileReference; lastKnownFileType = sourcecode.swift; path = Tags.swift; sourceTree = "<group>"; };
/* End PBXFileReference section */

/* Begin PBXFileSystemSynchronizedRootGroup section */
		3438B8F62CFCDA0100AED7F3 /* RunAndTest */ = {
			isa = PBXFileSystemSynchronizedRootGroup;
			path = RunAndTest;
			sourceTree = "<group>";
		};
/* End PBXFileSystemSynchronizedRootGroup section */

/* Begin PBXFrameworksBuildPhase section */
		3438B8F22CFCDA0100AED7F3 /* Frameworks */ = {
			isa = PBXFrameworksBuildPhase;
			buildActionMask = 2147483647;
			files = (
			);
			runOnlyForDeploymentPostprocessing = 0;
		};
/* End PBXFrameworksBuildPhase section */

/* Begin PBXGroup section */
		348C1DDC2CFCCEC700DF5635 = {
			isa = PBXGroup;
			children = (
				348C1DE82CFCCFE000DF5635 /* Day01.swift */,
				348C1DF12CFCD19900DF5635 /* Day01Test.swift */,
				3438B90A2CFDC11200AED7F3 /* Day02.swift */,
				3438B90B2CFDC11200AED7F3 /* Day02Test.swift */,
				34AD27302CFE68CE004FA0C8 /* Day03.swift */,
				34AD27312CFE68CE004FA0C8 /* Day03Test.swift */,
				348C1DE92CFCCFE000DF5635 /* InputReader.swift */,
				34AD27342CFF10D1004FA0C8 /* Tags.swift */,
				348C1DEA2CFCCFE000DF5635 /* LICENSE */,
				348C1DEB2CFCCFE000DF5635 /* README.md */,
				3438B8F62CFCDA0100AED7F3 /* RunAndTest */,
				348C1DF72CFCD33600DF5635 /* Products */,
			);
			sourceTree = "<group>";
		};
		348C1DF72CFCD33600DF5635 /* Products */ = {
			isa = PBXGroup;
			children = (
				3438B8F52CFCDA0100AED7F3 /* RunAndTest.xctest */,
			);
			name = Products;
			sourceTree = "<group>";
		};
/* End PBXGroup section */

/* Begin PBXNativeTarget section */
		3438B8F42CFCDA0100AED7F3 /* RunAndTest */ = {
			isa = PBXNativeTarget;
			buildConfigurationList = 3438B8F92CFCDA0100AED7F3 /* Build configuration list for PBXNativeTarget "RunAndTest" */;
			buildPhases = (
				3438B8F12CFCDA0100AED7F3 /* Sources */,
				3438B8F22CFCDA0100AED7F3 /* Frameworks */,
				3438B8F32CFCDA0100AED7F3 /* Resources */,
			);
			buildRules = (
			);
			dependencies = (
			);
			fileSystemSynchronizedGroups = (
				3438B8F62CFCDA0100AED7F3 /* RunAndTest */,
			);
			name = RunAndTest;
			packageProductDependencies = (
			);
			productName = "advent-of-code-2024-test";
			productReference = 3438B8F52CFCDA0100AED7F3 /* RunAndTest.xctest */;
			productType = "com.apple.product-type.bundle.unit-test";
		};
/* End PBXNativeTarget section */

/* Begin PBXProject section */
		348C1DDD2CFCCEC700DF5635 /* Project object */ = {
			isa = PBXProject;
			attributes = {
				BuildIndependentTargetsInParallel = 1;
				LastSwiftUpdateCheck = 1610;
				LastUpgradeCheck = 1610;
				TargetAttributes = {
					3438B8F42CFCDA0100AED7F3 = {
						CreatedOnToolsVersion = 16.1;
					};
				};
			};
			buildConfigurationList = 348C1DE02CFCCEC700DF5635 /* Build configuration list for PBXProject "advent-of-code-2024" */;
			developmentRegion = en;
			hasScannedForEncodings = 0;
			knownRegions = (
				en,
				Base,
			);
			mainGroup = 348C1DDC2CFCCEC700DF5635;
			minimizedProjectReferenceProxies = 1;
			preferredProjectObjectVersion = 77;
			productRefGroup = 348C1DF72CFCD33600DF5635 /* Products */;
			projectDirPath = "";
			projectRoot = "";
			targets = (
				3438B8F42CFCDA0100AED7F3 /* RunAndTest */,
			);
		};
/* End PBXProject section */

/* Begin PBXResourcesBuildPhase section */
		3438B8F32CFCDA0100AED7F3 /* Resources */ = {
			isa = PBXResourcesBuildPhase;
			buildActionMask = 2147483647;
			files = (
			);
			runOnlyForDeploymentPostprocessing = 0;
		};
/* End PBXResourcesBuildPhase section */

/* Begin PBXSourcesBuildPhase section */
		3438B8F12CFCDA0100AED7F3 /* Sources */ = {
			isa = PBXSourcesBuildPhase;
			buildActionMask = 2147483647;
			files = (
				34AD27322CFE68CE004FA0C8 /* Day03.swift in Sources */,
				3438B9052CFCE10D00AED7F3 /* Day01.swift in Sources */,
				34AD27332CFE68CE004FA0C8 /* Day03Test.swift in Sources */,
				3438B90C2CFDC11200AED7F3 /* Day02.swift in Sources */,
				34AD27352CFF10D6004FA0C8 /* Tags.swift in Sources */,
				3438B9062CFCE10D00AED7F3 /* InputReader.swift in Sources */,
				3438B90D2CFDC11200AED7F3 /* Day02Test.swift in Sources */,
				3438B9072CFCE10D00AED7F3 /* Day01Test.swift in Sources */,
			);
			runOnlyForDeploymentPostprocessing = 0;
		};
/* End PBXSourcesBuildPhase section */

/* Begin XCBuildConfiguration section */
		3438B8FA2CFCDA0100AED7F3 /* Debug */ = {
			isa = XCBuildConfiguration;
			buildSettings = {
				ALWAYS_SEARCH_USER_PATHS = NO;
				ASSETCATALOG_COMPILER_GENERATE_SWIFT_ASSET_SYMBOL_EXTENSIONS = YES;
				CLANG_ANALYZER_NONNULL = YES;
				CLANG_ANALYZER_NUMBER_OBJECT_CONVERSION = YES_AGGRESSIVE;
				CLANG_CXX_LANGUAGE_STANDARD = "gnu++20";
				CLANG_ENABLE_MODULES = YES;
				CLANG_ENABLE_OBJC_ARC = YES;
				CLANG_ENABLE_OBJC_WEAK = YES;
				CLANG_WARN_BLOCK_CAPTURE_AUTORELEASING = YES;
				CLANG_WARN_BOOL_CONVERSION = YES;
				CLANG_WARN_COMMA = YES;
				CLANG_WARN_CONSTANT_CONVERSION = YES;
				CLANG_WARN_DEPRECATED_OBJC_IMPLEMENTATIONS = YES;
				CLANG_WARN_DIRECT_OBJC_ISA_USAGE = YES_ERROR;
				CLANG_WARN_DOCUMENTATION_COMMENTS = YES;
				CLANG_WARN_EMPTY_BODY = YES;
				CLANG_WARN_ENUM_CONVERSION = YES;
				CLANG_WARN_INFINITE_RECURSION = YES;
				CLANG_WARN_INT_CONVERSION = YES;
				CLANG_WARN_NON_LITERAL_NULL_CONVERSION = YES;
				CLANG_WARN_OBJC_IMPLICIT_RETAIN_SELF = YES;
				CLANG_WARN_OBJC_LITERAL_CONVERSION = YES;
				CLANG_WARN_OBJC_ROOT_CLASS = YES_ERROR;
				CLANG_WARN_QUOTED_INCLUDE_IN_FRAMEWORK_HEADER = YES;
				CLANG_WARN_RANGE_LOOP_ANALYSIS = YES;
				CLANG_WARN_STRICT_PROTOTYPES = YES;
				CLANG_WARN_SUSPICIOUS_MOVE = YES;
				CLANG_WARN_UNGUARDED_AVAILABILITY = YES_AGGRESSIVE;
				CLANG_WARN_UNREACHABLE_CODE = YES;
				CLANG_WARN__DUPLICATE_METHOD_MATCH = YES;
				CODE_SIGN_STYLE = Automatic;
				COPY_PHASE_STRIP = NO;
				CURRENT_PROJECT_VERSION = 1;
				DEBUG_INFORMATION_FORMAT = dwarf;
				ENABLE_STRICT_OBJC_MSGSEND = YES;
				ENABLE_TESTABILITY = YES;
				ENABLE_USER_SCRIPT_SANDBOXING = YES;
				GCC_C_LANGUAGE_STANDARD = gnu17;
				GCC_DYNAMIC_NO_PIC = NO;
				GCC_NO_COMMON_BLOCKS = YES;
				GCC_OPTIMIZATION_LEVEL = 0;
				GCC_PREPROCESSOR_DEFINITIONS = (
					"DEBUG=1",
					"$(inherited)",
				);
				GCC_WARN_64_TO_32_BIT_CONVERSION = YES;
				GCC_WARN_ABOUT_RETURN_TYPE = YES_ERROR;
				GCC_WARN_UNDECLARED_SELECTOR = YES;
				GCC_WARN_UNINITIALIZED_AUTOS = YES_AGGRESSIVE;
				GCC_WARN_UNUSED_FUNCTION = YES;
				GCC_WARN_UNUSED_VARIABLE = YES;
				GENERATE_INFOPLIST_FILE = YES;
				LOCALIZATION_PREFERS_STRING_CATALOGS = YES;
				MACOSX_DEPLOYMENT_TARGET = 15.0;
				MARKETING_VERSION = 1.0;
				MTL_ENABLE_DEBUG_INFO = INCLUDE_SOURCE;
				MTL_FAST_MATH = YES;
				ONLY_ACTIVE_ARCH = YES;
				PRODUCT_BUNDLE_IDENTIFIER = "com.leifgehrmann.advent-of-code-2024-test";
				PRODUCT_NAME = "$(TARGET_NAME)";
				SDKROOT = macosx;
				SWIFT_ACTIVE_COMPILATION_CONDITIONS = "DEBUG $(inherited)";
				SWIFT_EMIT_LOC_STRINGS = NO;
				SWIFT_OPTIMIZATION_LEVEL = "-Onone";
				SWIFT_VERSION = 5.0;
			};
			name = Debug;
		};
		3438B8FB2CFCDA0100AED7F3 /* Release */ = {
			isa = XCBuildConfiguration;
			buildSettings = {
				ALWAYS_SEARCH_USER_PATHS = NO;
				ASSETCATALOG_COMPILER_GENERATE_SWIFT_ASSET_SYMBOL_EXTENSIONS = YES;
				CLANG_ANALYZER_NONNULL = YES;
				CLANG_ANALYZER_NUMBER_OBJECT_CONVERSION = YES_AGGRESSIVE;
				CLANG_CXX_LANGUAGE_STANDARD = "gnu++20";
				CLANG_ENABLE_MODULES = YES;
				CLANG_ENABLE_OBJC_ARC = YES;
				CLANG_ENABLE_OBJC_WEAK = YES;
				CLANG_WARN_BLOCK_CAPTURE_AUTORELEASING = YES;
				CLANG_WARN_BOOL_CONVERSION = YES;
				CLANG_WARN_COMMA = YES;
				CLANG_WARN_CONSTANT_CONVERSION = YES;
				CLANG_WARN_DEPRECATED_OBJC_IMPLEMENTATIONS = YES;
				CLANG_WARN_DIRECT_OBJC_ISA_USAGE = YES_ERROR;
				CLANG_WARN_DOCUMENTATION_COMMENTS = YES;
				CLANG_WARN_EMPTY_BODY = YES;
				CLANG_WARN_ENUM_CONVERSION = YES;
				CLANG_WARN_INFINITE_RECURSION = YES;
				CLANG_WARN_INT_CONVERSION = YES;
				CLANG_WARN_NON_LITERAL_NULL_CONVERSION = YES;
				CLANG_WARN_OBJC_IMPLICIT_RETAIN_SELF = YES;
				CLANG_WARN_OBJC_LITERAL_CONVERSION = YES;
				CLANG_WARN_OBJC_ROOT_CLASS = YES_ERROR;
				CLANG_WARN_QUOTED_INCLUDE_IN_FRAMEWORK_HEADER = YES;
				CLANG_WARN_RANGE_LOOP_ANALYSIS = YES;
				CLANG_WARN_STRICT_PROTOTYPES = YES;
				CLANG_WARN_SUSPICIOUS_MOVE = YES;
				CLANG_WARN_UNGUARDED_AVAILABILITY = YES_AGGRESSIVE;
				CLANG_WARN_UNREACHABLE_CODE = YES;
				CLANG_WARN__DUPLICATE_METHOD_MATCH = YES;
				CODE_SIGN_STYLE = Automatic;
				COPY_PHASE_STRIP = NO;
				CURRENT_PROJECT_VERSION = 1;
				DEBUG_INFORMATION_FORMAT = "dwarf-with-dsym";
				ENABLE_NS_ASSERTIONS = NO;
				ENABLE_STRICT_OBJC_MSGSEND = YES;
				ENABLE_USER_SCRIPT_SANDBOXING = YES;
				GCC_C_LANGUAGE_STANDARD = gnu17;
				GCC_NO_COMMON_BLOCKS = YES;
				GCC_WARN_64_TO_32_BIT_CONVERSION = YES;
				GCC_WARN_ABOUT_RETURN_TYPE = YES_ERROR;
				GCC_WARN_UNDECLARED_SELECTOR = YES;
				GCC_WARN_UNINITIALIZED_AUTOS = YES_AGGRESSIVE;
				GCC_WARN_UNUSED_FUNCTION = YES;
				GCC_WARN_UNUSED_VARIABLE = YES;
				GENERATE_INFOPLIST_FILE = YES;
				LOCALIZATION_PREFERS_STRING_CATALOGS = YES;
				MACOSX_DEPLOYMENT_TARGET = 15.0;
				MARKETING_VERSION = 1.0;
				MTL_ENABLE_DEBUG_INFO = NO;
				MTL_FAST_MATH = YES;
				PRODUCT_BUNDLE_IDENTIFIER = "com.leifgehrmann.advent-of-code-2024-test";
				PRODUCT_NAME = "$(TARGET_NAME)";
				SDKROOT = macosx;
				SWIFT_COMPILATION_MODE = wholemodule;
				SWIFT_EMIT_LOC_STRINGS = NO;
				SWIFT_VERSION = 5.0;
			};
			name = Release;
		};
		348C1DE12CFCCEC700DF5635 /* Debug */ = {
			isa = XCBuildConfiguration;
			buildSettings = {
			};
			name = Debug;
		};
		348C1DE22CFCCEC700DF5635 /* Release */ = {
			isa = XCBuildConfiguration;
			buildSettings = {
			};
			name = Release;
		};
/* End XCBuildConfiguration section */

/* Begin XCConfigurationList section */
		3438B8F92CFCDA0100AED7F3 /* Build configuration list for PBXNativeTarget "RunAndTest" */ = {
			isa = XCConfigurationList;
			buildConfigurations = (
				3438B8FA2CFCDA0100AED7F3 /* Debug */,
				3438B8FB2CFCDA0100AED7F3 /* Release */,
			);
			defaultConfigurationIsVisible = 0;
			defaultConfigurationName = Release;
		};
		348C1DE02CFCCEC700DF5635 /* Build configuration list for PBXProject "advent-of-code-2024" */ = {
			isa = XCConfigurationList;
			buildConfigurations = (
				348C1DE12CFCCEC700DF5635 /* Debug */,
				348C1DE22CFCCEC700DF5635 /* Release */,
			);
			defaultConfigurationIsVisible = 0;
			defaultConfigurationName = Release;
		};
/* End XCConfigurationList section */
	};
	rootObject = 348C1DDD2CFCCEC700DF5635 /* Project object */;
}
